
Microsoft Visual Studio Solution File, Format Version 12.00
# Visual Studio 15
VisualStudioVersion = 15.0.27703.2042
MinimumVisualStudioVersion = 10.0.40219.1
Project("{FAE04EC0-301F-11D3-BF4B-00C04F79EFBC}") = "DemoApp.Console", "DemoApp.Console\DemoApp.Console.csproj", "{6E09A347-9AB8-4787-97A0-863DE57F691B}"
EndProject
Project("{FAE04EC0-301F-11D3-BF4B-00C04F79EFBC}") = "DemoApp.Domain", "DemoApp.Domain\DemoApp.Domain.csproj", "{832BFE20-0D83-4C30-B425-DBB55D2F2AFB}"
EndProject
Project("{FAE04EC0-301F-11D3-BF4B-00C04F79EFBC}") = "DemoApp.Repositories", "DemoApp.Repositories\DemoApp.Repositories.csproj", "{CC498F61-0C9B-4C9D-A78E-1C84AEA73F81}"
EndProject
Project("{FAE04EC0-301F-11D3-BF4B-00C04F79EFBC}") = "DemoApp.Repositories.Contracts", "DemoApp.Repositories.Contracts\DemoApp.Repositories.Contracts.csproj", "{31763C9B-BCCD-495D-8283-5B11282999A0}"
EndProject
Project("{FAE04EC0-301F-11D3-BF4B-00C04F79EFBC}") = "DemoApp.ApplicationService", "DemoApp.ApplicationService\DemoApp.ApplicationService.csproj", "{9E0A0E77-E6B0-44DD-9639-947B74296D79}"
EndProject
Global
	GlobalSection(SolutionConfigurationPlatforms) = preSolution
		Debug|Any CPU = Debug|Any CPU
		Release|Any CPU = Release|Any CPU
	EndGlobalSection
	GlobalSection(ProjectConfigurationPlatforms) = postSolution
		{6E09A347-9AB8-4787-97A0-863DE57F691B}.Debug|Any CPU.ActiveCfg = Debug|Any CPU
		{6E09A347-9AB8-4787-97A0-863DE57F691B}.Debug|Any CPU.Build.0 = Debug|Any CPU
		{6E09A347-9AB8-4787-97A0-863DE57F691B}.Release|Any CPU.ActiveCfg = Release|Any CPU
		{6E09A347-9AB8-4787-97A0-863DE57F691B}.Release|Any CPU.Build.0 = Release|Any CPU
		{832BFE20-0D83-4C30-B425-DBB55D2F2AFB}.Debug|Any CPU.ActiveCfg = Debug|Any CPU
		{832BFE20-0D83-4C30-B425-DBB55D2F2AFB}.Debug|Any CPU.Build.0 = Debug|Any CPU
		{832BFE20-0D83-4C30-B425-DBB55D2F2AFB}.Release|Any CPU.ActiveCfg = Release|Any CPU
		{832BFE20-0D83-4C30-B425-DBB55D2F2AFB}.Release|Any CPU.Build.0 = Release|Any CPU
		{CC498F61-0C9B-4C9D-A78E-1C84AEA73F81}.Debug|Any CPU.ActiveCfg = Debug|Any CPU
		{CC498F61-0C9B-4C9D-A78E-1C84AEA73F81}.Debug|Any CPU.Build.0 = Debug|Any CPU
		{CC498F61-0C9B-4C9D-A78E-1C84AEA73F81}.Release|Any CPU.ActiveCfg = Release|Any CPU
		{CC498F61-0C9B-4C9D-A78E-1C84AEA73F81}.Release|Any CPU.Build.0 = Release|Any CPU
		{31763C9B-BCCD-495D-8283-5B11282999A0}.Debug|Any CPU.ActiveCfg = Debug|Any CPU
		{31763C9B-BCCD-495D-8283-5B11282999A0}.Debug|Any CPU.Build.0 = Debug|Any CPU
		{31763C9B-BCCD-495D-8283-5B11282999A0}.Release|Any CPU.ActiveCfg = Release|Any CPU
		{31763C9B-BCCD-495D-8283-5B11282999A0}.Release|Any CPU.Build.0 = Release|Any CPU
		{9E0A0E77-E6B0-44DD-9639-947B74296D79}.Debug|Any CPU.ActiveCfg = Debug|Any CPU
		{9E0A0E77-E6B0-44DD-9639-947B74296D79}.Debug|Any CPU.Build.0 = Debug|Any CPU
		{9E0A0E77-E6B0-44DD-9639-947B74296D79}.Release|Any CPU.ActiveCfg = Release|Any CPU
		{9E0A0E77-E6B0-44DD-9639-947B74296D79}.Release|Any CPU.Build.0 = Release|Any CPU
	EndGlobalSection
	GlobalSection(SolutionProperties) = preSolution
		HideSolutionNode = FALSE
	EndGlobalSection
	GlobalSection(ExtensibilityGlobals) = postSolution
		SolutionGuid = {EC0A0161-4ADA-42E4-B54E-DE799DEA1078}
	EndGlobalSection
EndGlobal
